{
  "nodes": {
    "nixpkgs": {
      "locked": {
        "lastModified": 1750776420,
        "narHash": "sha256-/CG+w0o0oJ5itVklOoLbdn2dGB0wbZVOoDm4np6w09A=",
        "rev": "30a61f056ac492e3b7cdcb69c1e6abdcf00e39cf",
        "revCount": 820854,
        "type": "tarball",
        "url": "https://api.flakehub.com/f/pinned/NixOS/nixpkgs/0.1.820854%2Brev-30a61f056ac492e3b7cdcb69c1e6abdcf00e39cf/0197aac0-57ea-7c9a-bfa0-18a3567dfb0a/source.tar.gz"
      },
      "original": {
        "type": "tarball",
        "url": "https://flakehub.com/f/NixOS/nixpkgs/0.1"
      }
    },
    "root": {
      "inputs": {
        "nixpkgs": "nixpkgs"
      }
    }
  },
  "root": "root",
  "version": 7
}
